<?xml version="1.0" encoding="utf-8"?>
<Project ToolsVersion="4.0" xmlns="http://schemas.microsoft.com/developer/msbuild/2003">
  <ItemGroup>
    <Filter Include="win32">
      <UniqueIdentifier>{84a8ebd7-7cf0-47f6-b75e-d441df67da40}</UniqueIdentifier>
    </Filter>
    <Filter Include="Classes">
      <UniqueIdentifier>{bb6c862e-70e9-49d9-81b7-3829a6f50471}</UniqueIdentifier>
    </Filter>
    <Filter Include="ani">
      <UniqueIdentifier>{6f414cca-92b0-492a-81ab-8e6f64de8dd4}</UniqueIdentifier>
    </Filter>
    <Filter Include="support">
      <UniqueIdentifier>{3f0c51f9-5866-4864-8472-38b0c9f93d02}</UniqueIdentifier>
    </Filter>
  </ItemGroup>
  <ItemGroup>
    <ClCompile Include="main.cpp">
      <Filter>win32</Filter>
    </ClCompile>
    <ClCompile Include="..\Classes\AppDelegate.cpp">
      <Filter>Classes</Filter>
    </ClCompile>
    <ClCompile Include="..\Classes\HelloWorldScene.cpp">
      <Filter>Classes</Filter>
    </ClCompile>
    <ClCompile Include="..\Classes\ani_prototype.cpp">
      <Filter>ani</Filter>
    </ClCompile>
    <ClCompile Include="..\Classes\ani_reader.cpp">
      <Filter>ani</Filter>
    </ClCompile>
    <ClCompile Include="..\Classes\ani_resource.cpp">
      <Filter>ani</Filter>
    </ClCompile>
    <ClCompile Include="..\Classes\ani_writer.cpp">
      <Filter>ani</Filter>
    </ClCompile>
    <ClCompile Include="..\Classes\ani.cpp">
      <Filter>ani</Filter>
    </ClCompile>
    <ClCompile Include="..\Classes\ani_data.cpp">
      <Filter>ani</Filter>
    </ClCompile>
    <ClCompile Include="..\Classes\ani_frame.cpp">
      <Filter>ani</Filter>
    </ClCompile>
    <ClCompile Include="..\Classes\ani_manager.cpp">
      <Filter>ani</Filter>
    </ClCompile>
    <ClCompile Include="..\Classes\ani_node.cpp">
      <Filter>ani</Filter>
    </ClCompile>
    <ClCompile Include="..\Classes\ani_parser.cpp">
      <Filter>ani</Filter>
    </ClCompile>
    <ClCompile Include="..\Classes\stdafx.cpp">
      <Filter>support</Filter>
    </ClCompile>
    <ClCompile Include="..\Classes\gl_helper.cpp">
      <Filter>ani</Filter>
    </ClCompile>
    <ClCompile Include="..\Classes\string_util.cpp">
      <Filter>ani</Filter>
    </ClCompile>
  </ItemGroup>
  <ItemGroup>
    <ClInclude Include="main.h">
      <Filter>win32</Filter>
    </ClInclude>
    <ClInclude Include="..\Classes\AppDelegate.h">
      <Filter>Classes</Filter>
    </ClInclude>
    <ClInclude Include="..\Classes\HelloWorldScene.h">
      <Filter>Classes</Filter>
    </ClInclude>
    <ClInclude Include="..\Classes\ani_prototype.h">
      <Filter>ani</Filter>
    </ClInclude>
    <ClInclude Include="..\Classes\ani_reader.h">
      <Filter>ani</Filter>
    </ClInclude>
    <ClInclude Include="..\Classes\ani_resource.h">
      <Filter>ani</Filter>
    </ClInclude>
    <ClInclude Include="..\Classes\ani_writer.h">
      <Filter>ani</Filter>
    </ClInclude>
    <ClInclude Include="..\Classes\ani.h">
      <Filter>ani</Filter>
    </ClInclude>
    <ClInclude Include="..\Classes\ani_data.h">
      <Filter>ani</Filter>
    </ClInclude>
    <ClInclude Include="..\Classes\ani_frame.h">
      <Filter>ani</Filter>
    </ClInclude>
    <ClInclude Include="..\Classes\ani_globals.h">
      <Filter>ani</Filter>
    </ClInclude>
    <ClInclude Include="..\Classes\ani_manager.h">
      <Filter>ani</Filter>
    </ClInclude>
    <ClInclude Include="..\Classes\ani_node.h">
      <Filter>ani</Filter>
    </ClInclude>
    <ClInclude Include="..\Classes\ani_parser.h">
      <Filter>ani</Filter>
    </ClInclude>
    <ClInclude Include="..\Classes\stdafx.h">
      <Filter>support</Filter>
    </ClInclude>
    <ClInclude Include="..\Classes\gl_helper.h">
      <Filter>ani</Filter>
    </ClInclude>
    <ClInclude Include="..\Classes\singleton.h">
      <Filter>ani</Filter>
    </ClInclude>
    <ClInclude Include="..\Classes\string_util.h">
      <Filter>ani</Filter>
    </ClInclude>
    <ClInclude Include="..\Classes\assert_include.h">
      <Filter>ani</Filter>
    </ClInclude>
    <ClInclude Include="..\Classes\arch.h">
      <Filter>ani</Filter>
    </ClInclude>
  </ItemGroup>
</Project>